{
  "name": "indice-libras-content",
  "version": "1.0.0",
  "lockfileVersion": 3,
  "requires": true,
  "packages": {
    "": {
      "name": "indice-libras-content",
      "version": "1.0.0",
      "license": "ISC",
      "dependencies": {
        "indice-libras-content": "file:"
      },
      "devDependencies": {
        "@types/google-apps-script": "^1.0.83",
        "typescript": "^5.6.2"
      }
    },
    "node_modules/.pnpm/@types+google-apps-script@1.0.83/node_modules/@types/google-apps-script": {
      "version": "1.0.83",
      "dev": true,
      "license": "MIT"
    },
    "node_modules/@types/google-apps-script": {
      "resolved": "node_modules/.pnpm/@types+google-apps-script@1.0.83/node_modules/@types/google-apps-script",
      "link": true
    },
    "node_modules/indice-libras-content": {
      "resolved": "",
      "link": true
    },
    "node_modules/typescript": {
      "version": "5.6.2",
      "resolved": "https://registry.npmjs.org/typescript/-/typescript-5.6.2.tgz",
      "integrity": "sha512-NW8ByodCSNCwZeghjN3o+JX5OFH0Ojg6sadjEKY4huZ52TqbJTJnDo5+Tw98lSy63NZvi4n+ez5m2u5d4PkZyw==",
      "dev": true,
      "bin": {
        "tsc": "bin/tsc",
        "tsserver": "bin/tsserver"
      },
      "engines": {
        "node": ">=14.17"
      }
    }
  }
}
