{
  "name": "indice-libras-content",
  "version": "1.0.0",
  "lockfileVersion": 3,
  "requires": true,
  "packages": {
    "": {
      "name": "indice-libras-content",
      "version": "1.0.0",
      "license": "ISC",
      "devDependencies": {
        "@types/google-apps-script": "^1.0.83"
      }
    },
    "node_modules/.pnpm/@types+google-apps-script@1.0.83/node_modules/@types/google-apps-script": {
      "version": "1.0.83",
      "dev": true,
      "license": "MIT"
    },
    "node_modules/@types/google-apps-script": {
      "resolved": "node_modules/.pnpm/@types+google-apps-script@1.0.83/node_modules/@types/google-apps-script",
      "link": true
    }
  }
}
